dependencies:
  get-graphql-schema: 2.1.2
  graphqldoc: 2.5.2
lockfileVersion: 5.2
packages:
  /@2fd/command/1.1.2:
    dev: false
    resolution:
      integrity: sha1-uDHVEb3TtOLYgTmq3bBtPWqgsIo=
  /ajv/6.12.6:
    dependencies:
      fast-deep-equal: 3.1.3
      fast-json-stable-stringify: 2.1.0
      json-schema-traverse: 0.4.1
      uri-js: 4.4.1
    dev: false
    resolution:
      integrity: sha512-j3fVLgvTo527anyYyJOGTYJbG+vnnQYvE0m5mmkc1TK+nxAppkCLMIL0aZ4dblVCNoGShhm+kzE4ZUykBoMg4g==
  /ansi-styles/3.2.1:
    dependencies:
      color-convert: 1.9.3
    dev: false
    engines:
      node: '>=4'
    resolution:
      integrity: sha512-VT0ZI6kZRdTh8YyJw3SMbYm/u+NqfsAxEpWO0Pf9sq8/e94WxxOpPKx9FR1FlyCtOVDNOQ+8ntlqFxiRc+r5qA==
  /asn1/0.2.4:
    dependencies:
      safer-buffer: 2.1.2
    dev: false
    resolution:
      integrity: sha512-jxwzQpLQjSmWXgwaCZE9Nz+glAG01yF1QnWgbhGwHI5A6FRIEY6IVqtHhIepHqI7/kyEyQEagBC5mBEFlIYvdg==
  /assert-plus/1.0.0:
    dev: false
    engines:
      node: '>=0.8'
    resolution:
      integrity: sha1-8S4PPF13sLHN2RRpQuTpbB5N1SU=
  /asynckit/0.4.0:
    dev: false
    resolution:
      integrity: sha1-x57Zf380y48robyXkLzDZkdLS3k=
  /aws-sign2/0.7.0:
    dev: false
    resolution:
      integrity: sha1-tG6JCTSpWR8tL2+G1+ap8bP+dqg=
  /aws4/1.11.0:
    dev: false
    resolution:
      integrity: sha512-xh1Rl34h6Fi1DC2WWKfxUTVqRsNnr6LsKz2+hfwDxQJWmrx8+c7ylaqBMcHfl1U1r2dsifOvKX3LQuLNZ+XSvA==
  /balanced-match/1.0.0:
    dev: false
    resolution:
      integrity: sha1-ibTRmasr7kneFk6gK4nORi1xt2c=
  /bcrypt-pbkdf/1.0.2:
    dependencies:
      tweetnacl: 0.14.5
    dev: false
    resolution:
      integrity: sha1-pDAdOJtqQ/m2f/PKEaP2Y342Dp4=
  /bluebird/3.7.2:
    dev: false
    resolution:
      integrity: sha512-XpNj6GDQzdfW+r2Wnn7xiSAd7TM3jzkxGXBGTtWKuSXv1xUV+azxAm8jdWZN06QTQk+2N2XB9jRDkvbmQmcRtg==
  /brace-expansion/1.1.11:
    dependencies:
      balanced-match: 1.0.0
      concat-map: 0.0.1
    dev: false
    resolution:
      integrity: sha512-iCuPHDFgrHX7H2vEI/5xpz07zSHB00TpugqhmYtVmMO6518mCuRMoOYFldEBl0g187ufozdaHgWKcYFb61qGiA==
  /caseless/0.12.0:
    dev: false
    resolution:
      integrity: sha1-G2gcIf+EAzyCZUMJBolCDRhxUdw=
  /chalk/2.4.2:
    dependencies:
      ansi-styles: 3.2.1
      escape-string-regexp: 1.0.5
      supports-color: 5.5.0
    dev: false
    engines:
      node: '>=4'
    resolution:
      integrity: sha512-Mti+f9lpJNcwF4tWV8/OrTTtF1gZi+f8FqlyAdouralcFWFQWF2+NgCHShjkCb+IFBLq9buZwE1xckQU4peSuQ==
  /color-convert/1.9.3:
    dependencies:
      color-name: 1.1.3
    dev: false
    resolution:
      integrity: sha512-QfAUtd+vFdAtFQcC8CCyYt1fYWxSqAiK2cSD6zDB8N3cpsEBAvRxp9zOGg6G/SHHJYAT88/az/IuDGALsNVbGg==
  /color-name/1.1.3:
    dev: false
    resolution:
      integrity: sha1-p9BVi9icQveV3UIyj3QIMcpTvCU=
  /combined-stream/1.0.8:
    dependencies:
      delayed-stream: 1.0.0
    dev: false
    engines:
      node: '>= 0.8'
    resolution:
      integrity: sha512-FQN4MRfuJeHf7cBbBMJFXhKSDq+2kAArBlmRBvcvFE5BB1HZKXtSFASDhdlz9zOYwxh8lDdnvmMOe/+5cdoEdg==
  /concat-map/0.0.1:
    dev: false
    resolution:
      integrity: sha1-2Klr13/Wjfd5OnMDajug1UBdR3s=
  /core-util-is/1.0.2:
    dev: false
    resolution:
      integrity: sha1-tf1UIgqivFq1eqtxQMlAdUUDwac=
  /dashdash/1.14.1:
    dependencies:
      assert-plus: 1.0.0
    dev: false
    engines:
      node: '>=0.10'
    resolution:
      integrity: sha1-hTz6D3y+L+1d4gMmuN1YEDX24vA=
  /deepmerge/3.3.0:
    dev: false
    engines:
      node: '>=0.10.0'
    resolution:
      integrity: sha512-GRQOafGHwMHpjPx9iCvTgpu9NojZ49q794EEL94JVEw6VaeA8XTUyBKvAkOOjBX9oJNiV6G3P+T+tihFjo2TqA==
  /delayed-stream/1.0.0:
    dev: false
    engines:
      node: '>=0.4.0'
    resolution:
      integrity: sha1-3zrhmayt+31ECqrgsp4icrJOxhk=
  /ecc-jsbn/0.1.2:
    dependencies:
      jsbn: 0.1.1
      safer-buffer: 2.1.2
    dev: false
    resolution:
      integrity: sha1-OoOpBOVDUyh4dMVkt1SThoSamMk=
  /escape-string-regexp/1.0.5:
    dev: false
    engines:
      node: '>=0.8.0'
    resolution:
      integrity: sha1-G2HAViGQqN/2rjuyzwIAyhMLhtQ=
  /extend/3.0.2:
    dev: false
    resolution:
      integrity: sha512-fjquC59cD7CyW6urNXK0FBufkZcoiGG80wTuPujX590cB5Ttln20E2UB4S/WARVqhXffZl2LNgS+gQdPIIim/g==
  /extsprintf/1.3.0:
    dev: false
    engines:
      '0': node >=0.6.0
    resolution:
      integrity: sha1-lpGEQOMEGnpBT4xS48V06zw+HgU=
  /fast-deep-equal/3.1.3:
    dev: false
    resolution:
      integrity: sha512-f3qQ9oQy9j2AhBe/H9VC91wLmKBCCU/gDOnKNAYG5hswO7BLKj09Hc5HYNz9cGI++xlpDCIgDaitVs03ATR84Q==
  /fast-json-stable-stringify/2.1.0:
    dev: false
    resolution:
      integrity: sha512-lhd/wF+Lk98HZoTCtlVraHtfh5XYijIjalXck7saUtuanSDyLMxnHhSXEDJqHxD7msR8D0uCmqlkwjCV8xvwHw==
  /forever-agent/0.6.1:
    dev: false
    resolution:
      integrity: sha1-+8cfDEGt6zf5bFd60e1C2P2sypE=
  /form-data/2.3.3:
    dependencies:
      asynckit: 0.4.0
      combined-stream: 1.0.8
      mime-types: 2.1.29
    dev: false
    engines:
      node: '>= 0.12'
    resolution:
      integrity: sha512-1lLKB2Mu3aGP1Q/2eCOx0fNbRMe7XdwktwOruhfqqd0rIJWwN4Dh+E3hrPSlDCXnSR7UtZ1N38rVXm+6+MEhJQ==
  /fs-extra/7.0.1:
    dependencies:
      graceful-fs: 4.2.6
      jsonfile: 4.0.0
      universalify: 0.1.2
    dev: false
    engines:
      node: '>=6 <7 || >=8'
    resolution:
      integrity: sha512-YJDaCJZEnBmcbw13fvdAM9AwNOJwOzrE4pqMqBq5nFiEqXUqHwlK4B+3pUw6JNvfSPtX05xFHtYy/1ni01eGCw==
  /fs.realpath/1.0.0:
    dev: false
    resolution:
      integrity: sha1-FQStJSMVjKpA20onh8sBQRmU6k8=
  /get-graphql-schema/2.1.2:
    dependencies:
      chalk: 2.4.2
      graphql: 14.7.0
      minimist: 1.2.5
      node-fetch: 2.6.1
    dev: false
    hasBin: true
    resolution:
      integrity: sha512-1z5Hw91VrE3GrpCZE6lE8Dy+jz4kXWesLS7rCSjwOxf5BOcIedAZeTUJRIeIzmmR+PA9CKOkPTYFRJbdgUtrxA==
  /getpass/0.1.7:
    dependencies:
      assert-plus: 1.0.0
    dev: false
    resolution:
      integrity: sha1-Xv+OPmhNVprkyysSgmBOi6YhSfo=
  /glob/7.1.6:
    dependencies:
      fs.realpath: 1.0.0
      inflight: 1.0.6
      inherits: 2.0.4
      minimatch: 3.0.4
      once: 1.4.0
      path-is-absolute: 1.0.1
    dev: false
    resolution:
      integrity: sha512-LwaxwyZ72Lk7vZINtNNrywX0ZuLyStrdDtabefZKAY5ZGJhVtgdznluResxNmPitE0SAO+O26sWTHeKSI2wMBA==
  /graceful-fs/4.2.6:
    dev: false
    resolution:
      integrity: sha512-nTnJ528pbqxYanhpDYsi4Rd8MAeaBA67+RZ10CM1m3bTAVFEDcd5AuA4a6W5YkGZ1iNXHzZz8T6TBKLeBuNriQ==
  /graphql/14.7.0:
    dependencies:
      iterall: 1.3.0
    dev: false
    engines:
      node: '>= 6.x'
    resolution:
      integrity: sha512-l0xWZpoPKpppFzMfvVyFmp9vLN7w/ZZJPefUicMCepfJeQ8sMcztloGYY9DfjVPo6tIUDzU5Hw3MUbIjj9AVVA==
  /graphqldoc/2.5.2:
    dependencies:
      '@2fd/command': 1.1.2
      bluebird: 3.7.2
      deepmerge: 3.3.0
      fs-extra: 7.0.1
      glob: 7.1.6
      graphql: 14.7.0
      marked: 0.6.3
      mustache: 3.2.1
      request: 2.88.2
      slug: 1.1.0
      striptags: 3.1.1
      word-wrap: 1.2.3
    dev: false
    hasBin: true
    resolution:
      integrity: sha512-a8MQIHLVJelPUzwtUjzCjRa3xa2c8K16peGAvgzWRDhdpWV+2YQNfRyxB8NHamojf8A2TCpGAV6MZvQgiziuyA==
  /har-schema/2.0.0:
    dev: false
    engines:
      node: '>=4'
    resolution:
      integrity: sha1-qUwiJOvKwEeCoNkDVSHyRzW37JI=
  /har-validator/5.1.5:
    dependencies:
      ajv: 6.12.6
      har-schema: 2.0.0
    deprecated: this library is no longer supported
    dev: false
    engines:
      node: '>=6'
    resolution:
      integrity: sha512-nmT2T0lljbxdQZfspsno9hgrG3Uir6Ks5afism62poxqBM6sDnMEuPmzTq8XN0OEwqKLLdh1jQI3qyE66Nzb3w==
  /has-flag/3.0.0:
    dev: false
    engines:
      node: '>=4'
    resolution:
      integrity: sha1-tdRU3CGZriJWmfNGfloH87lVuv0=
  /http-signature/1.2.0:
    dependencies:
      assert-plus: 1.0.0
      jsprim: 1.4.1
      sshpk: 1.16.1
    dev: false
    engines:
      node: '>=0.8'
      npm: '>=1.3.7'
    resolution:
      integrity: sha1-muzZJRFHcvPZW2WmCruPfBj7rOE=
  /inflight/1.0.6:
    dependencies:
      once: 1.4.0
      wrappy: 1.0.2
    dev: false
    resolution:
      integrity: sha1-Sb1jMdfQLQwJvJEKEHW6gWW1bfk=
  /inherits/2.0.4:
    dev: false
    resolution:
      integrity: sha512-k/vGaX4/Yla3WzyMCvTQOXYeIHvqOKtnqBduzTHpzpQZzAskKMhZ2K+EnBiSM9zGSoIFeMpXKxa4dYeZIQqewQ==
  /is-typedarray/1.0.0:
    dev: false
    resolution:
      integrity: sha1-5HnICFjfDBsR3dppQPlgEfzaSpo=
  /isstream/0.1.2:
    dev: false
    resolution:
      integrity: sha1-R+Y/evVa+m+S4VAOaQ64uFKcCZo=
  /iterall/1.3.0:
    dev: false
    resolution:
      integrity: sha512-QZ9qOMdF+QLHxy1QIpUHUU1D5pS2CG2P69LF6L6CPjPYA/XMOmKV3PZpawHoAjHNyB0swdVTRxdYT4tbBbxqwg==
  /jsbn/0.1.1:
    dev: false
    resolution:
      integrity: sha1-peZUwuWi3rXyAdls77yoDA7y9RM=
  /json-schema-traverse/0.4.1:
    dev: false
    resolution:
      integrity: sha512-xbbCH5dCYU5T8LcEhhuh7HJ88HXuW3qsI3Y0zOZFKfZEHcpWiHU/Jxzk629Brsab/mMiHQti9wMP+845RPe3Vg==
  /json-schema/0.2.3:
    dev: false
    resolution:
      integrity: sha1-tIDIkuWaLwWVTOcnvT8qTogvnhM=
  /json-stringify-safe/5.0.1:
    dev: false
    resolution:
      integrity: sha1-Epai1Y/UXxmg9s4B1lcB4sc1tus=
  /jsonfile/4.0.0:
    dev: false
    optionalDependencies:
      graceful-fs: 4.2.6
    resolution:
      integrity: sha1-h3Gq4HmbZAdrdmQPygWPnBDjPss=
  /jsprim/1.4.1:
    dependencies:
      assert-plus: 1.0.0
      extsprintf: 1.3.0
      json-schema: 0.2.3
      verror: 1.10.0
    dev: false
    engines:
      '0': node >=0.6.0
    resolution:
      integrity: sha1-MT5mvB5cwG5Di8G3SZwuXFastqI=
  /marked/0.6.3:
    dev: false
    engines:
      node: '>=0.10.0'
    hasBin: true
    resolution:
      integrity: sha512-Fqa7eq+UaxfMriqzYLayfqAE40WN03jf+zHjT18/uXNuzjq3TY0XTbrAoPeqSJrAmPz11VuUA+kBPYOhHt9oOQ==
  /mime-db/1.46.0:
    dev: false
    engines:
      node: '>= 0.6'
    resolution:
      integrity: sha512-svXaP8UQRZ5K7or+ZmfNhg2xX3yKDMUzqadsSqi4NCH/KomcH75MAMYAGVlvXn4+b/xOPhS3I2uHKRUzvjY7BQ==
  /mime-types/2.1.29:
    dependencies:
      mime-db: 1.46.0
    dev: false
    engines:
      node: '>= 0.6'
    resolution:
      integrity: sha512-Y/jMt/S5sR9OaqteJtslsFZKWOIIqMACsJSiHghlCAyhf7jfVYjKBmLiX8OgpWeW+fjJ2b+Az69aPFPkUOY6xQ==
  /minimatch/3.0.4:
    dependencies:
      brace-expansion: 1.1.11
    dev: false
    resolution:
      integrity: sha512-yJHVQEhyqPLUTgt9B83PXu6W3rx4MvvHvSUvToogpwoGDOUQ+yDrR0HRot+yOCdCO7u4hX3pWft6kWBBcqh0UA==
  /minimist/1.2.5:
    dev: false
    resolution:
      integrity: sha512-FM9nNUYrRBAELZQT3xeZQ7fmMOBg6nWNmJKTcgsJeaLstP/UODVpGsr5OhXhhXg6f+qtJ8uiZ+PUxkDWcgIXLw==
  /mustache/3.2.1:
    dev: false
    engines:
      npm: '>=1.4.0'
    hasBin: true
    resolution:
      integrity: sha512-RERvMFdLpaFfSRIEe632yDm5nsd0SDKn8hGmcUwswnyiE5mtdZLDybtHAz6hjJhawokF0hXvGLtx9mrQfm6FkA==
  /node-fetch/2.6.1:
    dev: false
    engines:
      node: 4.x || >=6.0.0
    resolution:
      integrity: sha512-V4aYg89jEoVRxRb2fJdAg8FHvI7cEyYdVAh94HH0UIK8oJxUfkjlDQN9RbMx+bEjP7+ggMiFRprSti032Oipxw==
  /oauth-sign/0.9.0:
    dev: false
    resolution:
      integrity: sha512-fexhUFFPTGV8ybAtSIGbV6gOkSv8UtRbDBnAyLQw4QPKkgNlsH2ByPGtMUqdWkos6YCRmAqViwgZrJc/mRDzZQ==
  /once/1.4.0:
    dependencies:
      wrappy: 1.0.2
    dev: false
    resolution:
      integrity: sha1-WDsap3WWHUsROsF9nFC6753Xa9E=
  /path-is-absolute/1.0.1:
    dev: false
    engines:
      node: '>=0.10.0'
    resolution:
      integrity: sha1-F0uSaHNVNP+8es5r9TpanhtcX18=
  /performance-now/2.1.0:
    dev: false
    resolution:
      integrity: sha1-Ywn04OX6kT7BxpMHrjZLSzd8nns=
  /psl/1.8.0:
    dev: false
    resolution:
      integrity: sha512-RIdOzyoavK+hA18OGGWDqUTsCLhtA7IcZ/6NCs4fFJaHBDab+pDDmDIByWFRQJq2Cd7r1OoQxBGKOaztq+hjIQ==
  /punycode/2.1.1:
    dev: false
    engines:
      node: '>=6'
    resolution:
      integrity: sha512-XRsRjdf+j5ml+y/6GKHPZbrF/8p2Yga0JPtdqTIY2Xe5ohJPD9saDJJLPvp9+NSBprVvevdXZybnj2cv8OEd0A==
  /qs/6.5.2:
    dev: false
    engines:
      node: '>=0.6'
    resolution:
      integrity: sha512-N5ZAX4/LxJmF+7wN74pUD6qAh9/wnvdQcjq9TZjevvXzSUo7bfmw91saqMjzGS2xq91/odN2dW/WOl7qQHNDGA==
  /request/2.88.2:
    dependencies:
      aws-sign2: 0.7.0
      aws4: 1.11.0
      caseless: 0.12.0
      combined-stream: 1.0.8
      extend: 3.0.2
      forever-agent: 0.6.1
      form-data: 2.3.3
      har-validator: 5.1.5
      http-signature: 1.2.0
      is-typedarray: 1.0.0
      isstream: 0.1.2
      json-stringify-safe: 5.0.1
      mime-types: 2.1.29
      oauth-sign: 0.9.0
      performance-now: 2.1.0
      qs: 6.5.2
      safe-buffer: 5.2.1
      tough-cookie: 2.5.0
      tunnel-agent: 0.6.0
      uuid: 3.4.0
    deprecated: request has been deprecated, see https://github.com/request/request/issues/3142
    dev: false
    engines:
      node: '>= 6'
    resolution:
      integrity: sha512-MsvtOrfG9ZcrOwAW+Qi+F6HbD0CWXEh9ou77uOb7FM2WPhwT7smM833PzanhJLsgXjN89Ir6V2PczXNnMpwKhw==
  /safe-buffer/5.2.1:
    dev: false
    resolution:
      integrity: sha512-rp3So07KcdmmKbGvgaNxQSJr7bGVSVk5S9Eq1F+ppbRo70+YeaDxkw5Dd8NPN+GD6bjnYm2VuPuCXmpuYvmCXQ==
  /safer-buffer/2.1.2:
    dev: false
    resolution:
      integrity: sha512-YZo3K82SD7Riyi0E1EQPojLz7kpepnSQI9IyPbHHg1XXXevb5dJI7tpyN2ADxGcQbHG7vcyRHk0cbwqcQriUtg==
  /slug/1.1.0:
    dependencies:
      unicode: 13.0.0
    dev: false
    hasBin: true
    resolution:
      integrity: sha512-NuIOjDQeTMPm+/AUIHJ5636mF3jOsYLFnoEErl9Tdpt4kpt4fOrAJxscH9mUgX1LtPaEqgPCawBg7A4yhoSWRg==
  /sshpk/1.16.1:
    dependencies:
      asn1: 0.2.4
      assert-plus: 1.0.0
      bcrypt-pbkdf: 1.0.2
      dashdash: 1.14.1
      ecc-jsbn: 0.1.2
      getpass: 0.1.7
      jsbn: 0.1.1
      safer-buffer: 2.1.2
      tweetnacl: 0.14.5
    dev: false
    engines:
      node: '>=0.10.0'
    hasBin: true
    resolution:
      integrity: sha512-HXXqVUq7+pcKeLqqZj6mHFUMvXtOJt1uoUx09pFW6011inTMxqI8BA8PM95myrIyyKwdnzjdFjLiE6KBPVtJIg==
  /striptags/3.1.1:
    dev: false
    resolution:
      integrity: sha1-yMPn/db7S7OjKjt1LltePjgJPr0=
  /supports-color/5.5.0:
    dependencies:
      has-flag: 3.0.0
    dev: false
    engines:
      node: '>=4'
    resolution:
      integrity: sha512-QjVjwdXIt408MIiAqCX4oUKsgU2EqAGzs2Ppkm4aQYbjm+ZEWEcW4SfFNTr4uMNZma0ey4f5lgLrkB0aX0QMow==
  /tough-cookie/2.5.0:
    dependencies:
      psl: 1.8.0
      punycode: 2.1.1
    dev: false
    engines:
      node: '>=0.8'
    resolution:
      integrity: sha512-nlLsUzgm1kfLXSXfRZMc1KLAugd4hqJHDTvc2hDIwS3mZAfMEuMbc03SujMF+GEcpaX/qboeycw6iO8JwVv2+g==
  /tunnel-agent/0.6.0:
    dependencies:
      safe-buffer: 5.2.1
    dev: false
    resolution:
      integrity: sha1-J6XeoGs2sEoKmWZ3SykIaPD8QP0=
  /tweetnacl/0.14.5:
    dev: false
    resolution:
      integrity: sha1-WuaBd/GS1EViadEIr6k/+HQ/T2Q=
  /unicode/13.0.0:
    dev: false
    engines:
      node: '>= 0.8.x'
    resolution:
      integrity: sha512-osNPLT4Lqna/sV6DQikrB8m4WxR61/k0fnhfKnkPGcZImczW3IysRXvWxfdqGUjh0Ju2o/tGGgu46mlfc/cpZw==
  /universalify/0.1.2:
    dev: false
    engines:
      node: '>= 4.0.0'
    resolution:
      integrity: sha512-rBJeI5CXAlmy1pV+617WB9J63U6XcazHHF2f2dbJix4XzpUF0RS3Zbj0FGIOCAva5P/d/GBOYaACQ1w+0azUkg==
  /uri-js/4.4.1:
    dependencies:
      punycode: 2.1.1
    dev: false
    resolution:
      integrity: sha512-7rKUyy33Q1yc98pQ1DAmLtwX109F7TIfWlW1Ydo8Wl1ii1SeHieeh0HHfPeL2fMXK6z0s8ecKs9frCuLJvndBg==
  /uuid/3.4.0:
    dev: false
    hasBin: true
    resolution:
      integrity: sha512-HjSDRw6gZE5JMggctHBcjVak08+KEVhSIiDzFnT9S9aegmp85S/bReBVTb4QTFaRNptJ9kuYaNhnbNEOkbKb/A==
  /verror/1.10.0:
    dependencies:
      assert-plus: 1.0.0
      core-util-is: 1.0.2
      extsprintf: 1.3.0
    dev: false
    engines:
      '0': node >=0.6.0
    resolution:
      integrity: sha1-OhBcoXBTr1XW4nDB+CiGguGNpAA=
  /word-wrap/1.2.3:
    dev: false
    engines:
      node: '>=0.10.0'
    resolution:
      integrity: sha512-Hz/mrNwitNRh/HUAtM/VT/5VH+ygD6DV7mYKZAtHOrbs8U7lvPS6xf7EJKMF0uW1KJCl0H701g3ZGus+muE5vQ==
  /wrappy/1.0.2:
    dev: false
    resolution:
      integrity: sha1-tSQ9jz7BqjXxNkYFvA0QNuMKtp8=
specifiers:
  get-graphql-schema: ^2.1.2
  graphqldoc: ^2.5.2
